
Microsoft Visual Studio Solution File, Format Version 12.00
# Visual Studio Version 16
VisualStudioVersion = 16.0.29102.190
MinimumVisualStudioVersion = 10.0.40219.1
Project("{9A19103F-16F7-4668-BE54-9A1E7A4F7556}") = "Task", "Task\Task.csproj", "{3E5EF1FC-B28A-4A5E-AA8C-26F92AFBA167}"
EndProject
Project("{9A19103F-16F7-4668-BE54-9A1E7A4F7556}") = "Tests", "Tests\Tests.csproj", "{22A210AF-69F0-49EC-85AD-46EFF61FD139}"
EndProject
Project("{2150E333-8FDC-42A3-9474-1A3956D46DE8}") = "Solution Items", "Solution Items", "{7B4B4B2F-0B9C-4D5B-8A34-5681A56172E5}"
	ProjectSection(SolutionItems) = preProject
		Readme.MD = Readme.MD
	EndProjectSection
EndProject
Global
	GlobalSection(SolutionConfigurationPlatforms) = preSolution
		Debug|Any CPU = Debug|Any CPU
		Release|Any CPU = Release|Any CPU
	EndGlobalSection
	GlobalSection(ProjectConfigurationPlatforms) = postSolution
		{3E5EF1FC-B28A-4A5E-AA8C-26F92AFBA167}.Debug|Any CPU.ActiveCfg = Debug|Any CPU
		{3E5EF1FC-B28A-4A5E-AA8C-26F92AFBA167}.Debug|Any CPU.Build.0 = Debug|Any CPU
		{3E5EF1FC-B28A-4A5E-AA8C-26F92AFBA167}.Release|Any CPU.ActiveCfg = Release|Any CPU
		{3E5EF1FC-B28A-4A5E-AA8C-26F92AFBA167}.Release|Any CPU.Build.0 = Release|Any CPU
		{22A210AF-69F0-49EC-85AD-46EFF61FD139}.Debug|Any CPU.ActiveCfg = Debug|Any CPU
		{22A210AF-69F0-49EC-85AD-46EFF61FD139}.Debug|Any CPU.Build.0 = Debug|Any CPU
		{22A210AF-69F0-49EC-85AD-46EFF61FD139}.Release|Any CPU.ActiveCfg = Release|Any CPU
		{22A210AF-69F0-49EC-85AD-46EFF61FD139}.Release|Any CPU.Build.0 = Release|Any CPU
	EndGlobalSection
	GlobalSection(SolutionProperties) = preSolution
		HideSolutionNode = FALSE
	EndGlobalSection
	GlobalSection(ExtensibilityGlobals) = postSolution
		SolutionGuid = {A935D960-017F-4FF2-9E1F-633B9085B9EC}
	EndGlobalSection
EndGlobal
